
Microsoft Visual Studio Solution File, Format Version 12.00
# Visual Studio 15
VisualStudioVersion = 15.0.27428.2037
MinimumVisualStudioVersion = 10.0.40219.1
Project("{FAE04EC0-301F-11D3-BF4B-00C04F79EFBC}") = "DllExportCore", "DllExportCore\DllExportCore.csproj", "{3FC021CC-8885-4A80-A85E-9C63F201987D}"
EndProject
Global
	GlobalSection(SolutionConfigurationPlatforms) = preSolution
		Debug|Any CPU = Debug|Any CPU
		Release|Any CPU = Release|Any CPU
	EndGlobalSection
	GlobalSection(ProjectConfigurationPlatforms) = postSolution
		{3FC021CC-8885-4A80-A85E-9C63F201987D}.Debug|Any CPU.ActiveCfg = Debug|Any CPU
		{3FC021CC-8885-4A80-A85E-9C63F201987D}.Debug|Any CPU.Build.0 = Debug|Any CPU
		{3FC021CC-8885-4A80-A85E-9C63F201987D}.Release|Any CPU.ActiveCfg = Release|Any CPU
		{3FC021CC-8885-4A80-A85E-9C63F201987D}.Release|Any CPU.Build.0 = Release|Any CPU
	EndGlobalSection
	GlobalSection(SolutionProperties) = preSolution
		HideSolutionNode = FALSE
	EndGlobalSection
	GlobalSection(ExtensibilityGlobals) = postSolution
		SolutionGuid = {72A5727E-F9C9-471E-88C5-90EA8CBFFF49}
	EndGlobalSection
EndGlobal
